
Microsoft Visual Studio Solution File, Format Version 12.00
# Visual Studio Version 16
VisualStudioVersion = 16.0.28803.156
MinimumVisualStudioVersion = 10.0.40219.1
Project("{2150E333-8FDC-42A3-9474-1A3956D46DE8}") = "Solution Items", "Solution Items", "{FF5AFA02-AF56-4780-B9AD-03E556483A2F}"
	ProjectSection(SolutionItems) = preProject
		C:\Users\0491\Source\repos\Chaka\global.json = C:\Users\0491\Source\repos\Chaka\global.json
		global.json = global.json
	EndProjectSection
EndProject
Project("{2150E333-8FDC-42A3-9474-1A3956D46DE8}") = "0 - Helpers", "0 - Helpers", "{F9B61D07-FEE5-4CF0-84C4-7DAE6D6542FF}"
EndProject
Project("{2150E333-8FDC-42A3-9474-1A3956D46DE8}") = "1 - Data Layer", "1 - Data Layer", "{5F4BBEBE-B99C-4B58-8954-34754065D1B8}"
EndProject
Project("{2150E333-8FDC-42A3-9474-1A3956D46DE8}") = "2 - Business Logic", "2 - Business Logic", "{11524D9D-7DFC-4F2E-83BB-8D9DF8B54D64}"
EndProject
Project("{2150E333-8FDC-42A3-9474-1A3956D46DE8}") = "3 - Workflow", "3 - Workflow", "{6CE8E342-BAED-4FB3-A13A-F580CB9B50EC}"
EndProject
Project("{2150E333-8FDC-42A3-9474-1A3956D46DE8}") = "4 - Web", "4 - Web", "{1C830865-9E6B-41DE-ABA2-EDE8D75A4249}"
EndProject
Project("{2150E333-8FDC-42A3-9474-1A3956D46DE8}") = "5 - Report", "5 - Report", "{61D73DE4-981A-4201-890F-81DD6CEF6437}"
EndProject
Project("{2150E333-8FDC-42A3-9474-1A3956D46DE8}") = "6 - Service", "6 - Service", "{B41737E1-1F48-4CA3-B097-5F7DFA879EA0}"
EndProject
Project("{9A19103F-16F7-4668-BE54-9A1E7A4F7556}") = "Chaka.ViewModels", "Chaka.ViewModels\Chaka.ViewModels.csproj", "{BB9D015A-3D72-4217-A86A-0C18C102F293}"
EndProject
Project("{9A19103F-16F7-4668-BE54-9A1E7A4F7556}") = "Chaka.Database.Context", "Chaka.Database.Context\Chaka.Database.Context.csproj", "{5A56E4C9-5EE0-4B46-AC6A-EFFADC1B551D}"
EndProject
Project("{9A19103F-16F7-4668-BE54-9A1E7A4F7556}") = "Chaka.Providers.SystemAdmin", "Chaka.Providers.SystemAdmin\Chaka.Providers.SystemAdmin.csproj", "{1D0FDC39-7422-455C-A3C2-791401CBAC51}"
EndProject
Project("{9A19103F-16F7-4668-BE54-9A1E7A4F7556}") = "Chaka.Providers", "Chaka.Providers\Chaka.Providers.csproj", "{A2995498-5922-40BE-B20E-3CF3C306DAF9}"
EndProject
Project("{9A19103F-16F7-4668-BE54-9A1E7A4F7556}") = "Chaka", "Chaka\Chaka.csproj", "{367E6721-35D8-48F6-B7F1-41809952B5C8}"
EndProject
Project("{9A19103F-16F7-4668-BE54-9A1E7A4F7556}") = "Chaka.Utilities", "Chaka.Utilities\Chaka.Utilities.csproj", "{01D56CFD-C5AA-444C-8296-5EE0F458D23E}"
EndProject
Project("{9A19103F-16F7-4668-BE54-9A1E7A4F7556}") = "Chaka.Api.Security", "Chaka.Api.Security\Chaka.Api.Security.csproj", "{DC4C149B-A7A7-41B0-B97B-62FD6333F811}"
EndProject
Project("{9A19103F-16F7-4668-BE54-9A1E7A4F7556}") = "Chaka.Api.Time", "Chaka.Api.Time\Chaka.Api.Time.csproj", "{FACA3000-C88A-4519-9175-935F27A215BD}"
EndProject
Project("{9A19103F-16F7-4668-BE54-9A1E7A4F7556}") = "Chaka.Api.Organization", "Chaka.Api.Organization\Chaka.Api.Organization.csproj", "{02FE7D46-63A2-47F0-8A9E-30E3EC8C86B9}"
EndProject
Project("{9A19103F-16F7-4668-BE54-9A1E7A4F7556}") = "Chaka.Api.Employee", "Chaka.Api.Employee\Chaka.Api.Employee.csproj", "{17CFC029-4218-427E-B9C2-07AC41F961F2}"
EndProject
Project("{9A19103F-16F7-4668-BE54-9A1E7A4F7556}") = "Chaka.Providers.Organization", "Chaka.Providers.Organization\Chaka.Providers.Organization.csproj", "{C6AE9F19-2BEE-4CB8-93C3-4064C5B3A17A}"
EndProject
Project("{9A19103F-16F7-4668-BE54-9A1E7A4F7556}") = "Chaka.Api.Recruitment", "Chaka.Api.Recruitment\Chaka.Api.Recruitment.csproj", "{B1ADE056-5498-43A2-B232-854A9F1AE196}"
	ProjectSection(ProjectDependencies) = postProject
		{01D56CFD-C5AA-444C-8296-5EE0F458D23E} = {01D56CFD-C5AA-444C-8296-5EE0F458D23E}
	EndProjectSection
EndProject
Project("{9A19103F-16F7-4668-BE54-9A1E7A4F7556}") = "Chaka.Api.Learning", "Chaka.Api.Learning\Chaka.Api.Learning.csproj", "{D9F25577-431F-4560-A95C-AA060CC6824D}"
EndProject
Project("{9A19103F-16F7-4668-BE54-9A1E7A4F7556}") = "Chaka.Api.Competency", "Chaka.Api.Competency\Chaka.Api.Competency.csproj", "{4F2C063F-C947-44F8-90DC-295E1A23B7F6}"
EndProject
Project("{9A19103F-16F7-4668-BE54-9A1E7A4F7556}") = "Chaka.Api.Career", "Chaka.Api.Career\Chaka.Api.Career.csproj", "{FA882D4C-7437-4691-85BA-9C6BEA83108E}"
EndProject
Project("{9A19103F-16F7-4668-BE54-9A1E7A4F7556}") = "Chaka.Api.Reimbursement", "Chaka.Api.Reimbursement\Chaka.Api.Reimbursement.csproj", "{F5E29373-0329-46AB-9844-658D9A1FE8EE}"
EndProject
Project("{9A19103F-16F7-4668-BE54-9A1E7A4F7556}") = "Chaka.Api.Performance", "Chaka.Api.Performance\Chaka.Api.Performance.csproj", "{F81BAB3C-29EE-475D-9D94-90A144B2E4FC}"
EndProject
Project("{9A19103F-16F7-4668-BE54-9A1E7A4F7556}") = "Chaka.Api.Payroll", "Chaka.Api.Payroll\Chaka.Api.Payroll.csproj", "{1AC82228-5E7C-4E96-9D1C-E34D066312E2}"
EndProject
Project("{9A19103F-16F7-4668-BE54-9A1E7A4F7556}") = "Chaka.Api.LoanAdministration", "Chaka.Api.LoanAdministration\Chaka.Api.LoanAdministration.csproj", "{97B3D4D8-8ADA-43CF-9468-BBF63BF90C21}"
EndProject
Project("{9A19103F-16F7-4668-BE54-9A1E7A4F7556}") = "Chaka.Api.Workflow", "Chaka.Api.Workflow\Chaka.Api.Workflow.csproj", "{D6D19A6A-2FDA-46CF-B0F8-AD2AAA14589F}"
EndProject
Project("{FAE04EC0-301F-11D3-BF4B-00C04F79EFBC}") = "Chaka.Api.SysAdmin", "Chaka.Api.SysAdmin\Chaka.Api.SysAdmin.csproj", "{0E28134D-CCC0-434A-900E-32E084433962}"
EndProject
Global
	GlobalSection(SolutionConfigurationPlatforms) = preSolution
		Debug|Any CPU = Debug|Any CPU
		Release|Any CPU = Release|Any CPU
	EndGlobalSection
	GlobalSection(ProjectConfigurationPlatforms) = postSolution
		{BB9D015A-3D72-4217-A86A-0C18C102F293}.Debug|Any CPU.ActiveCfg = Debug|Any CPU
		{BB9D015A-3D72-4217-A86A-0C18C102F293}.Debug|Any CPU.Build.0 = Debug|Any CPU
		{BB9D015A-3D72-4217-A86A-0C18C102F293}.Release|Any CPU.ActiveCfg = Release|Any CPU
		{BB9D015A-3D72-4217-A86A-0C18C102F293}.Release|Any CPU.Build.0 = Release|Any CPU
		{5A56E4C9-5EE0-4B46-AC6A-EFFADC1B551D}.Debug|Any CPU.ActiveCfg = Debug|Any CPU
		{5A56E4C9-5EE0-4B46-AC6A-EFFADC1B551D}.Debug|Any CPU.Build.0 = Debug|Any CPU
		{5A56E4C9-5EE0-4B46-AC6A-EFFADC1B551D}.Release|Any CPU.ActiveCfg = Release|Any CPU
		{5A56E4C9-5EE0-4B46-AC6A-EFFADC1B551D}.Release|Any CPU.Build.0 = Release|Any CPU
		{1D0FDC39-7422-455C-A3C2-791401CBAC51}.Debug|Any CPU.ActiveCfg = Debug|Any CPU
		{1D0FDC39-7422-455C-A3C2-791401CBAC51}.Debug|Any CPU.Build.0 = Debug|Any CPU
		{1D0FDC39-7422-455C-A3C2-791401CBAC51}.Release|Any CPU.ActiveCfg = Release|Any CPU
		{1D0FDC39-7422-455C-A3C2-791401CBAC51}.Release|Any CPU.Build.0 = Release|Any CPU
		{A2995498-5922-40BE-B20E-3CF3C306DAF9}.Debug|Any CPU.ActiveCfg = Debug|Any CPU
		{A2995498-5922-40BE-B20E-3CF3C306DAF9}.Debug|Any CPU.Build.0 = Debug|Any CPU
		{A2995498-5922-40BE-B20E-3CF3C306DAF9}.Release|Any CPU.ActiveCfg = Release|Any CPU
		{A2995498-5922-40BE-B20E-3CF3C306DAF9}.Release|Any CPU.Build.0 = Release|Any CPU
		{367E6721-35D8-48F6-B7F1-41809952B5C8}.Debug|Any CPU.ActiveCfg = Debug|Any CPU
		{367E6721-35D8-48F6-B7F1-41809952B5C8}.Debug|Any CPU.Build.0 = Debug|Any CPU
		{367E6721-35D8-48F6-B7F1-41809952B5C8}.Release|Any CPU.ActiveCfg = Release|Any CPU
		{367E6721-35D8-48F6-B7F1-41809952B5C8}.Release|Any CPU.Build.0 = Release|Any CPU
		{01D56CFD-C5AA-444C-8296-5EE0F458D23E}.Debug|Any CPU.ActiveCfg = Debug|Any CPU
		{01D56CFD-C5AA-444C-8296-5EE0F458D23E}.Debug|Any CPU.Build.0 = Debug|Any CPU
		{01D56CFD-C5AA-444C-8296-5EE0F458D23E}.Release|Any CPU.ActiveCfg = Release|Any CPU
		{01D56CFD-C5AA-444C-8296-5EE0F458D23E}.Release|Any CPU.Build.0 = Release|Any CPU
		{DC4C149B-A7A7-41B0-B97B-62FD6333F811}.Debug|Any CPU.ActiveCfg = Debug|Any CPU
		{DC4C149B-A7A7-41B0-B97B-62FD6333F811}.Debug|Any CPU.Build.0 = Debug|Any CPU
		{DC4C149B-A7A7-41B0-B97B-62FD6333F811}.Release|Any CPU.ActiveCfg = Release|Any CPU
		{DC4C149B-A7A7-41B0-B97B-62FD6333F811}.Release|Any CPU.Build.0 = Release|Any CPU
		{FACA3000-C88A-4519-9175-935F27A215BD}.Debug|Any CPU.ActiveCfg = Debug|Any CPU
		{FACA3000-C88A-4519-9175-935F27A215BD}.Debug|Any CPU.Build.0 = Debug|Any CPU
		{FACA3000-C88A-4519-9175-935F27A215BD}.Release|Any CPU.ActiveCfg = Release|Any CPU
		{FACA3000-C88A-4519-9175-935F27A215BD}.Release|Any CPU.Build.0 = Release|Any CPU
		{02FE7D46-63A2-47F0-8A9E-30E3EC8C86B9}.Debug|Any CPU.ActiveCfg = Debug|Any CPU
		{02FE7D46-63A2-47F0-8A9E-30E3EC8C86B9}.Debug|Any CPU.Build.0 = Debug|Any CPU
		{02FE7D46-63A2-47F0-8A9E-30E3EC8C86B9}.Release|Any CPU.ActiveCfg = Release|Any CPU
		{02FE7D46-63A2-47F0-8A9E-30E3EC8C86B9}.Release|Any CPU.Build.0 = Release|Any CPU
		{17CFC029-4218-427E-B9C2-07AC41F961F2}.Debug|Any CPU.ActiveCfg = Debug|Any CPU
		{17CFC029-4218-427E-B9C2-07AC41F961F2}.Debug|Any CPU.Build.0 = Debug|Any CPU
		{17CFC029-4218-427E-B9C2-07AC41F961F2}.Release|Any CPU.ActiveCfg = Release|Any CPU
		{17CFC029-4218-427E-B9C2-07AC41F961F2}.Release|Any CPU.Build.0 = Release|Any CPU
		{C6AE9F19-2BEE-4CB8-93C3-4064C5B3A17A}.Debug|Any CPU.ActiveCfg = Debug|Any CPU
		{C6AE9F19-2BEE-4CB8-93C3-4064C5B3A17A}.Debug|Any CPU.Build.0 = Debug|Any CPU
		{C6AE9F19-2BEE-4CB8-93C3-4064C5B3A17A}.Release|Any CPU.ActiveCfg = Release|Any CPU
		{C6AE9F19-2BEE-4CB8-93C3-4064C5B3A17A}.Release|Any CPU.Build.0 = Release|Any CPU
		{B1ADE056-5498-43A2-B232-854A9F1AE196}.Debug|Any CPU.ActiveCfg = Debug|Any CPU
		{B1ADE056-5498-43A2-B232-854A9F1AE196}.Debug|Any CPU.Build.0 = Debug|Any CPU
		{B1ADE056-5498-43A2-B232-854A9F1AE196}.Release|Any CPU.ActiveCfg = Release|Any CPU
		{B1ADE056-5498-43A2-B232-854A9F1AE196}.Release|Any CPU.Build.0 = Release|Any CPU
		{D9F25577-431F-4560-A95C-AA060CC6824D}.Debug|Any CPU.ActiveCfg = Debug|Any CPU
		{D9F25577-431F-4560-A95C-AA060CC6824D}.Debug|Any CPU.Build.0 = Debug|Any CPU
		{D9F25577-431F-4560-A95C-AA060CC6824D}.Release|Any CPU.ActiveCfg = Release|Any CPU
		{D9F25577-431F-4560-A95C-AA060CC6824D}.Release|Any CPU.Build.0 = Release|Any CPU
		{4F2C063F-C947-44F8-90DC-295E1A23B7F6}.Debug|Any CPU.ActiveCfg = Debug|Any CPU
		{4F2C063F-C947-44F8-90DC-295E1A23B7F6}.Debug|Any CPU.Build.0 = Debug|Any CPU
		{4F2C063F-C947-44F8-90DC-295E1A23B7F6}.Release|Any CPU.ActiveCfg = Release|Any CPU
		{4F2C063F-C947-44F8-90DC-295E1A23B7F6}.Release|Any CPU.Build.0 = Release|Any CPU
		{FA882D4C-7437-4691-85BA-9C6BEA83108E}.Debug|Any CPU.ActiveCfg = Debug|Any CPU
		{FA882D4C-7437-4691-85BA-9C6BEA83108E}.Debug|Any CPU.Build.0 = Debug|Any CPU
		{FA882D4C-7437-4691-85BA-9C6BEA83108E}.Release|Any CPU.ActiveCfg = Release|Any CPU
		{FA882D4C-7437-4691-85BA-9C6BEA83108E}.Release|Any CPU.Build.0 = Release|Any CPU
		{F5E29373-0329-46AB-9844-658D9A1FE8EE}.Debug|Any CPU.ActiveCfg = Debug|Any CPU
		{F5E29373-0329-46AB-9844-658D9A1FE8EE}.Debug|Any CPU.Build.0 = Debug|Any CPU
		{F5E29373-0329-46AB-9844-658D9A1FE8EE}.Release|Any CPU.ActiveCfg = Release|Any CPU
		{F5E29373-0329-46AB-9844-658D9A1FE8EE}.Release|Any CPU.Build.0 = Release|Any CPU
		{F81BAB3C-29EE-475D-9D94-90A144B2E4FC}.Debug|Any CPU.ActiveCfg = Debug|Any CPU
		{F81BAB3C-29EE-475D-9D94-90A144B2E4FC}.Debug|Any CPU.Build.0 = Debug|Any CPU
		{F81BAB3C-29EE-475D-9D94-90A144B2E4FC}.Release|Any CPU.ActiveCfg = Release|Any CPU
		{F81BAB3C-29EE-475D-9D94-90A144B2E4FC}.Release|Any CPU.Build.0 = Release|Any CPU
		{1AC82228-5E7C-4E96-9D1C-E34D066312E2}.Debug|Any CPU.ActiveCfg = Debug|Any CPU
		{1AC82228-5E7C-4E96-9D1C-E34D066312E2}.Debug|Any CPU.Build.0 = Debug|Any CPU
		{1AC82228-5E7C-4E96-9D1C-E34D066312E2}.Release|Any CPU.ActiveCfg = Release|Any CPU
		{1AC82228-5E7C-4E96-9D1C-E34D066312E2}.Release|Any CPU.Build.0 = Release|Any CPU
		{97B3D4D8-8ADA-43CF-9468-BBF63BF90C21}.Debug|Any CPU.ActiveCfg = Debug|Any CPU
		{97B3D4D8-8ADA-43CF-9468-BBF63BF90C21}.Debug|Any CPU.Build.0 = Debug|Any CPU
		{97B3D4D8-8ADA-43CF-9468-BBF63BF90C21}.Release|Any CPU.ActiveCfg = Release|Any CPU
		{97B3D4D8-8ADA-43CF-9468-BBF63BF90C21}.Release|Any CPU.Build.0 = Release|Any CPU
		{D6D19A6A-2FDA-46CF-B0F8-AD2AAA14589F}.Debug|Any CPU.ActiveCfg = Debug|Any CPU
		{D6D19A6A-2FDA-46CF-B0F8-AD2AAA14589F}.Debug|Any CPU.Build.0 = Debug|Any CPU
		{D6D19A6A-2FDA-46CF-B0F8-AD2AAA14589F}.Release|Any CPU.ActiveCfg = Release|Any CPU
		{D6D19A6A-2FDA-46CF-B0F8-AD2AAA14589F}.Release|Any CPU.Build.0 = Release|Any CPU
		{0E28134D-CCC0-434A-900E-32E084433962}.Debug|Any CPU.ActiveCfg = Debug|Any CPU
		{0E28134D-CCC0-434A-900E-32E084433962}.Debug|Any CPU.Build.0 = Debug|Any CPU
		{0E28134D-CCC0-434A-900E-32E084433962}.Release|Any CPU.ActiveCfg = Release|Any CPU
		{0E28134D-CCC0-434A-900E-32E084433962}.Release|Any CPU.Build.0 = Release|Any CPU
	EndGlobalSection
	GlobalSection(SolutionProperties) = preSolution
		HideSolutionNode = FALSE
	EndGlobalSection
	GlobalSection(NestedProjects) = preSolution
		{BB9D015A-3D72-4217-A86A-0C18C102F293} = {5F4BBEBE-B99C-4B58-8954-34754065D1B8}
		{5A56E4C9-5EE0-4B46-AC6A-EFFADC1B551D} = {5F4BBEBE-B99C-4B58-8954-34754065D1B8}
		{1D0FDC39-7422-455C-A3C2-791401CBAC51} = {11524D9D-7DFC-4F2E-83BB-8D9DF8B54D64}
		{A2995498-5922-40BE-B20E-3CF3C306DAF9} = {11524D9D-7DFC-4F2E-83BB-8D9DF8B54D64}
		{367E6721-35D8-48F6-B7F1-41809952B5C8} = {1C830865-9E6B-41DE-ABA2-EDE8D75A4249}
		{01D56CFD-C5AA-444C-8296-5EE0F458D23E} = {F9B61D07-FEE5-4CF0-84C4-7DAE6D6542FF}
		{DC4C149B-A7A7-41B0-B97B-62FD6333F811} = {B41737E1-1F48-4CA3-B097-5F7DFA879EA0}
		{FACA3000-C88A-4519-9175-935F27A215BD} = {B41737E1-1F48-4CA3-B097-5F7DFA879EA0}
		{02FE7D46-63A2-47F0-8A9E-30E3EC8C86B9} = {B41737E1-1F48-4CA3-B097-5F7DFA879EA0}
		{17CFC029-4218-427E-B9C2-07AC41F961F2} = {B41737E1-1F48-4CA3-B097-5F7DFA879EA0}
		{C6AE9F19-2BEE-4CB8-93C3-4064C5B3A17A} = {11524D9D-7DFC-4F2E-83BB-8D9DF8B54D64}
		{B1ADE056-5498-43A2-B232-854A9F1AE196} = {B41737E1-1F48-4CA3-B097-5F7DFA879EA0}
		{D9F25577-431F-4560-A95C-AA060CC6824D} = {B41737E1-1F48-4CA3-B097-5F7DFA879EA0}
		{4F2C063F-C947-44F8-90DC-295E1A23B7F6} = {B41737E1-1F48-4CA3-B097-5F7DFA879EA0}
		{FA882D4C-7437-4691-85BA-9C6BEA83108E} = {B41737E1-1F48-4CA3-B097-5F7DFA879EA0}
		{F5E29373-0329-46AB-9844-658D9A1FE8EE} = {B41737E1-1F48-4CA3-B097-5F7DFA879EA0}
		{F81BAB3C-29EE-475D-9D94-90A144B2E4FC} = {B41737E1-1F48-4CA3-B097-5F7DFA879EA0}
		{1AC82228-5E7C-4E96-9D1C-E34D066312E2} = {B41737E1-1F48-4CA3-B097-5F7DFA879EA0}
		{97B3D4D8-8ADA-43CF-9468-BBF63BF90C21} = {B41737E1-1F48-4CA3-B097-5F7DFA879EA0}
		{D6D19A6A-2FDA-46CF-B0F8-AD2AAA14589F} = {B41737E1-1F48-4CA3-B097-5F7DFA879EA0}
		{0E28134D-CCC0-434A-900E-32E084433962} = {B41737E1-1F48-4CA3-B097-5F7DFA879EA0}
	EndGlobalSection
	GlobalSection(ExtensibilityGlobals) = postSolution
		SolutionGuid = {85695ACC-9761-428D-AE8B-7EE52532C506}
	EndGlobalSection
EndGlobal
